
Microsoft Visual Studio Solution File, Format Version 12.00
# Visual Studio 14
VisualStudioVersion = 14.0.25420.1
MinimumVisualStudioVersion = 10.0.40219.1
Project("{888888A0-9F3D-457C-B088-3A5042F75D52}") = "AutoSimC_Optimized", "AutoSimC_Optimized.pyproj", "{F2021FD2-4669-4FAA-AB30-AF43CCB1EE99}"
EndProject
Global
	GlobalSection(SolutionConfigurationPlatforms) = preSolution
		Debug|Any CPU = Debug|Any CPU
		Release|Any CPU = Release|Any CPU
	EndGlobalSection
	GlobalSection(ProjectConfigurationPlatforms) = postSolution
		{F2021FD2-4669-4FAA-AB30-AF43CCB1EE99}.Debug|Any CPU.ActiveCfg = Debug|Any CPU
		{F2021FD2-4669-4FAA-AB30-AF43CCB1EE99}.Release|Any CPU.ActiveCfg = Release|Any CPU
		{F2021FD2-4669-4FAA-AB30-AF43CCB1EE99}.Release|Any CPU.Build.0 = Release|Any CPU
	EndGlobalSection
	GlobalSection(SolutionProperties) = preSolution
		HideSolutionNode = FALSE
	EndGlobalSection
EndGlobal
